
Microsoft Visual Studio Solution File, Format Version 12.00
# Visual Studio Version 17
VisualStudioVersion = 17.0.31903.59
MinimumVisualStudioVersion = 10.0.40219.1
Project("{FAE04EC0-301F-11D3-BF4B-00C04F79EFBC}") = "ConsoleApp1", "ConsoleApp1\ConsoleApp1.csproj", "{54B96B57-55FA-4BBF-89F1-6A8CE5F79F9B}"
EndProject
Project("{FAE04EC0-301F-11D3-BF4B-00C04F79EFBC}") = "TestProject2", "TestProject2\TestProject2.csproj", "{F3906F1D-766B-44C9-874E-1A23B2A46F40}"
EndProject
Project("{2150E333-8FDC-42A3-9474-1A3956D46DE8}") = "input", "input", "{5823152C-BB79-4DEA-99F3-E41AC2714D3B}"
	ProjectSection(SolutionItems) = preProject
		input1.csv = input1.csv
	EndProjectSection
EndProject
Global
	GlobalSection(SolutionConfigurationPlatforms) = preSolution
		Debug|Any CPU = Debug|Any CPU
		Release|Any CPU = Release|Any CPU
	EndGlobalSection
	GlobalSection(ProjectConfigurationPlatforms) = postSolution
		{54B96B57-55FA-4BBF-89F1-6A8CE5F79F9B}.Debug|Any CPU.ActiveCfg = Debug|Any CPU
		{54B96B57-55FA-4BBF-89F1-6A8CE5F79F9B}.Debug|Any CPU.Build.0 = Debug|Any CPU
		{54B96B57-55FA-4BBF-89F1-6A8CE5F79F9B}.Release|Any CPU.ActiveCfg = Release|Any CPU
		{54B96B57-55FA-4BBF-89F1-6A8CE5F79F9B}.Release|Any CPU.Build.0 = Release|Any CPU
		{F3906F1D-766B-44C9-874E-1A23B2A46F40}.Debug|Any CPU.ActiveCfg = Debug|Any CPU
		{F3906F1D-766B-44C9-874E-1A23B2A46F40}.Debug|Any CPU.Build.0 = Debug|Any CPU
		{F3906F1D-766B-44C9-874E-1A23B2A46F40}.Release|Any CPU.ActiveCfg = Release|Any CPU
		{F3906F1D-766B-44C9-874E-1A23B2A46F40}.Release|Any CPU.Build.0 = Release|Any CPU
	EndGlobalSection
	GlobalSection(SolutionProperties) = preSolution
		HideSolutionNode = FALSE
	EndGlobalSection
EndGlobal
