
Microsoft Visual Studio Solution File, Format Version 12.00
# Visual Studio Version 17
VisualStudioVersion = 17.10.34928.147
MinimumVisualStudioVersion = 10.0.40219.1
Project("{FAE04EC0-301F-11D3-BF4B-00C04F79EFBC}") = "4_Forms", "4_Forms\4_Forms.csproj", "{F2CF6C15-5265-454E-8DE6-12ED69F4AB97}"
EndProject
Global
	GlobalSection(SolutionConfigurationPlatforms) = preSolution
		Debug|Any CPU = Debug|Any CPU
		Release|Any CPU = Release|Any CPU
	EndGlobalSection
	GlobalSection(ProjectConfigurationPlatforms) = postSolution
		{F2CF6C15-5265-454E-8DE6-12ED69F4AB97}.Debug|Any CPU.ActiveCfg = Debug|Any CPU
		{F2CF6C15-5265-454E-8DE6-12ED69F4AB97}.Debug|Any CPU.Build.0 = Debug|Any CPU
		{F2CF6C15-5265-454E-8DE6-12ED69F4AB97}.Release|Any CPU.ActiveCfg = Release|Any CPU
		{F2CF6C15-5265-454E-8DE6-12ED69F4AB97}.Release|Any CPU.Build.0 = Release|Any CPU
	EndGlobalSection
	GlobalSection(SolutionProperties) = preSolution
		HideSolutionNode = FALSE
	EndGlobalSection
	GlobalSection(ExtensibilityGlobals) = postSolution
		SolutionGuid = {1E8A7B52-8381-45F5-80CF-2BD0EA04B418}
	EndGlobalSection
EndGlobal
